# This file is generated by running "yarn install" inside your project.
# Manual changes might be lost - proceed with caution!

__metadata:
  version: 8
  cacheKey: 10c0

"@biomejs/biome@npm:1.8.3":
  version: 1.8.3
  resolution: "@biomejs/biome@npm:1.8.3"
  dependencies:
    "@biomejs/cli-darwin-arm64": "npm:1.8.3"
    "@biomejs/cli-darwin-x64": "npm:1.8.3"
    "@biomejs/cli-linux-arm64": "npm:1.8.3"
    "@biomejs/cli-linux-arm64-musl": "npm:1.8.3"
    "@biomejs/cli-linux-x64": "npm:1.8.3"
    "@biomejs/cli-linux-x64-musl": "npm:1.8.3"
    "@biomejs/cli-win32-arm64": "npm:1.8.3"
    "@biomejs/cli-win32-x64": "npm:1.8.3"
  dependenciesMeta:
    "@biomejs/cli-darwin-arm64":
      optional: true
    "@biomejs/cli-darwin-x64":
      optional: true
    "@biomejs/cli-linux-arm64":
      optional: true
    "@biomejs/cli-linux-arm64-musl":
      optional: true
    "@biomejs/cli-linux-x64":
      optional: true
    "@biomejs/cli-linux-x64-musl":
      optional: true
    "@biomejs/cli-win32-arm64":
      optional: true
    "@biomejs/cli-win32-x64":
      optional: true
  bin:
    biome: bin/biome
  checksum: 10c0/95fe99ce82cd8242f1be51cbf3ac26043b253f5a369d3dc24df09bdb32ec04dba679b1d4fa8b9d602b1bf2c30ecd80af14aa8f5c92d6e0cd6214a99a1099a65b
  languageName: node
  linkType: hard

"@biomejs/cli-darwin-arm64@npm:1.8.3":
  version: 1.8.3
  resolution: "@biomejs/cli-darwin-arm64@npm:1.8.3"
  conditions: os=darwin & cpu=arm64
  languageName: node
  linkType: hard

"@biomejs/cli-darwin-x64@npm:1.8.3":
  version: 1.8.3
  resolution: "@biomejs/cli-darwin-x64@npm:1.8.3"
  conditions: os=darwin & cpu=x64
  languageName: node
  linkType: hard

"@biomejs/cli-linux-arm64-musl@npm:1.8.3":
  version: 1.8.3
  resolution: "@biomejs/cli-linux-arm64-musl@npm:1.8.3"
  conditions: os=linux & cpu=arm64 & libc=musl
  languageName: node
  linkType: hard

"@biomejs/cli-linux-arm64@npm:1.8.3":
  version: 1.8.3
  resolution: "@biomejs/cli-linux-arm64@npm:1.8.3"
  conditions: os=linux & cpu=arm64 & libc=glibc
  languageName: node
  linkType: hard

"@biomejs/cli-linux-x64-musl@npm:1.8.3":
  version: 1.8.3
  resolution: "@biomejs/cli-linux-x64-musl@npm:1.8.3"
  conditions: os=linux & cpu=x64 & libc=musl
  languageName: node
  linkType: hard

"@biomejs/cli-linux-x64@npm:1.8.3":
  version: 1.8.3
  resolution: "@biomejs/cli-linux-x64@npm:1.8.3"
  conditions: os=linux & cpu=x64 & libc=glibc
  languageName: node
  linkType: hard

"@biomejs/cli-win32-arm64@npm:1.8.3":
  version: 1.8.3
  resolution: "@biomejs/cli-win32-arm64@npm:1.8.3"
  conditions: os=win32 & cpu=arm64
  languageName: node
  linkType: hard

"@biomejs/cli-win32-x64@npm:1.8.3":
  version: 1.8.3
  resolution: "@biomejs/cli-win32-x64@npm:1.8.3"
  conditions: os=win32 & cpu=x64
  languageName: node
  linkType: hard

"typescript@npm:5.5.3":
  version: 5.5.3
  resolution: "typescript@npm:5.5.3"
  bin:
    tsc: bin/tsc
    tsserver: bin/tsserver
  checksum: 10c0/f52c71ccbc7080b034b9d3b72051d563601a4815bf3e39ded188e6ce60813f75dbedf11ad15dd4d32a12996a9ed8c7155b46c93a9b9c9bad1049766fe614bbdd
  languageName: node
  linkType: hard

"typescript@patch:typescript@npm%3A5.5.3#optional!builtin<compat/typescript>":
  version: 5.5.3
  resolution: "typescript@patch:typescript@npm%3A5.5.3#optional!builtin<compat/typescript>::version=5.5.3&hash=379a07"
  bin:
    tsc: bin/tsc
    tsserver: bin/tsserver
  checksum: 10c0/911c7811d61f57f07df79c4a35f56a0f426a65426a020e5fcd792f66559f399017205f5f10255329ab5a3d8c2d1f1d19530aeceffda70758a521fae1d469432e
  languageName: node
  linkType: hard

"yarn-plugins@workspace:.":
  version: 0.0.0-use.local
  resolution: "yarn-plugins@workspace:."
  dependencies:
    "@biomejs/biome": "npm:1.8.3"
    typescript: "npm:5.5.3"
  languageName: unknown
  linkType: soft
